
Microsoft Visual Studio Solution File, Format Version 12.00
# Visual Studio Version 17
VisualStudioVersion = 17.14.36518.9
MinimumVisualStudioVersion = 10.0.40219.1
Project("{FAE04EC0-301F-11D3-BF4B-00C04F79EFBC}") = "Presentacion", "Presentacion\Presentacion.csproj", "{48A28298-1C62-42CC-A10B-2AA56BA6FF6E}"
EndProject
Project("{FAE04EC0-301F-11D3-BF4B-00C04F79EFBC}") = "Dominio", "Dominio\Dominio.csproj", "{01730C26-09A0-4C86-85AE-98B7A32F9782}"
EndProject
Project("{FAE04EC0-301F-11D3-BF4B-00C04F79EFBC}") = "Negocio", "Negocio\Negocio.csproj", "{74CE3E29-0F9F-4EC3-8774-E9A6095892C0}"
EndProject
Global
	GlobalSection(SolutionConfigurationPlatforms) = preSolution
		Debug|Any CPU = Debug|Any CPU
		Release|Any CPU = Release|Any CPU
	EndGlobalSection
	GlobalSection(ProjectConfigurationPlatforms) = postSolution
		{48A28298-1C62-42CC-A10B-2AA56BA6FF6E}.Debug|Any CPU.ActiveCfg = Debug|Any CPU
		{48A28298-1C62-42CC-A10B-2AA56BA6FF6E}.Debug|Any CPU.Build.0 = Debug|Any CPU
		{48A28298-1C62-42CC-A10B-2AA56BA6FF6E}.Release|Any CPU.ActiveCfg = Release|Any CPU
		{48A28298-1C62-42CC-A10B-2AA56BA6FF6E}.Release|Any CPU.Build.0 = Release|Any CPU
		{01730C26-09A0-4C86-85AE-98B7A32F9782}.Debug|Any CPU.ActiveCfg = Debug|Any CPU
		{01730C26-09A0-4C86-85AE-98B7A32F9782}.Debug|Any CPU.Build.0 = Debug|Any CPU
		{01730C26-09A0-4C86-85AE-98B7A32F9782}.Release|Any CPU.ActiveCfg = Release|Any CPU
		{01730C26-09A0-4C86-85AE-98B7A32F9782}.Release|Any CPU.Build.0 = Release|Any CPU
		{74CE3E29-0F9F-4EC3-8774-E9A6095892C0}.Debug|Any CPU.ActiveCfg = Debug|Any CPU
		{74CE3E29-0F9F-4EC3-8774-E9A6095892C0}.Debug|Any CPU.Build.0 = Debug|Any CPU
		{74CE3E29-0F9F-4EC3-8774-E9A6095892C0}.Release|Any CPU.ActiveCfg = Release|Any CPU
		{74CE3E29-0F9F-4EC3-8774-E9A6095892C0}.Release|Any CPU.Build.0 = Release|Any CPU
	EndGlobalSection
	GlobalSection(SolutionProperties) = preSolution
		HideSolutionNode = FALSE
	EndGlobalSection
	GlobalSection(ExtensibilityGlobals) = postSolution
		SolutionGuid = {85671BD4-C63C-45E2-B97A-406ED12E4B8B}
	EndGlobalSection
EndGlobal
